
Microsoft Visual Studio Solution File, Format Version 12.00
# Visual Studio Version 16
VisualStudioVersion = 16.0.30309.148
MinimumVisualStudioVersion = 10.0.40219.1
Project("{9A19103F-16F7-4668-BE54-9A1E7A4F7556}") = "ISBM20Pi3PublicationTestNet8", "ISBM20Pi3PublicationTestNet8.csproj", "{C99A5967-7563-46B7-8B2A-00DE8CC6D7A6}"
EndProject
Global
	GlobalSection(SolutionConfigurationPlatforms) = preSolution
		Debug|Any CPU = Debug|Any CPU
		Release|Any CPU = Release|Any CPU
	EndGlobalSection
	GlobalSection(ProjectConfigurationPlatforms) = postSolution
		{C99A5967-7563-46B7-8B2A-00DE8CC6D7A6}.Debug|Any CPU.ActiveCfg = Debug|Any CPU
		{C99A5967-7563-46B7-8B2A-00DE8CC6D7A6}.Debug|Any CPU.Build.0 = Debug|Any CPU
		{C99A5967-7563-46B7-8B2A-00DE8CC6D7A6}.Release|Any CPU.ActiveCfg = Release|Any CPU
		{C99A5967-7563-46B7-8B2A-00DE8CC6D7A6}.Release|Any CPU.Build.0 = Release|Any CPU
	EndGlobalSection
	GlobalSection(SolutionProperties) = preSolution
		HideSolutionNode = FALSE
	EndGlobalSection
	GlobalSection(ExtensibilityGlobals) = postSolution
		SolutionGuid = {0F34AFA2-77C7-401D-93F7-CD2BA1BA6DEB}
	EndGlobalSection
EndGlobal
